
Microsoft Visual Studio Solution File, Format Version 12.00
# Visual Studio Version 16
VisualStudioVersion = 16.0.30413.136
MinimumVisualStudioVersion = 10.0.40219.1
Project("{FAE04EC0-301F-11D3-BF4B-00C04F79EFBC}") = "Day3", "Day3\Day3.csproj", "{D9F806AE-032A-43D6-B60C-CE41D5D4C72E}"
EndProject
Global
	GlobalSection(SolutionConfigurationPlatforms) = preSolution
		Debug|Any CPU = Debug|Any CPU
		Release|Any CPU = Release|Any CPU
	EndGlobalSection
	GlobalSection(ProjectConfigurationPlatforms) = postSolution
		{D9F806AE-032A-43D6-B60C-CE41D5D4C72E}.Debug|Any CPU.ActiveCfg = Debug|Any CPU
		{D9F806AE-032A-43D6-B60C-CE41D5D4C72E}.Debug|Any CPU.Build.0 = Debug|Any CPU
		{D9F806AE-032A-43D6-B60C-CE41D5D4C72E}.Release|Any CPU.ActiveCfg = Release|Any CPU
		{D9F806AE-032A-43D6-B60C-CE41D5D4C72E}.Release|Any CPU.Build.0 = Release|Any CPU
	EndGlobalSection
	GlobalSection(SolutionProperties) = preSolution
		HideSolutionNode = FALSE
	EndGlobalSection
	GlobalSection(ExtensibilityGlobals) = postSolution
		SolutionGuid = {B10E185F-2519-446D-8D50-A25D74BC27A4}
	EndGlobalSection
EndGlobal
