
Microsoft Visual Studio Solution File, Format Version 12.00
# Visual Studio Version 16
VisualStudioVersion = 16.0.30413.136
MinimumVisualStudioVersion = 10.0.40219.1
Project("{9A19103F-16F7-4668-BE54-9A1E7A4F7556}") = "Day5", "Day5\Day5.csproj", "{EB998963-5875-4044-AB38-7C721135581B}"
EndProject
Project("{FAE04EC0-301F-11D3-BF4B-00C04F79EFBC}") = "Day5Test", "Day5Test\Day5Test.csproj", "{4999D00B-C9A1-4209-8CAE-68658ECD1F0C}"
EndProject
Global
	GlobalSection(SolutionConfigurationPlatforms) = preSolution
		Debug|Any CPU = Debug|Any CPU
		Release|Any CPU = Release|Any CPU
	EndGlobalSection
	GlobalSection(ProjectConfigurationPlatforms) = postSolution
		{EB998963-5875-4044-AB38-7C721135581B}.Debug|Any CPU.ActiveCfg = Debug|Any CPU
		{EB998963-5875-4044-AB38-7C721135581B}.Debug|Any CPU.Build.0 = Debug|Any CPU
		{EB998963-5875-4044-AB38-7C721135581B}.Release|Any CPU.ActiveCfg = Release|Any CPU
		{EB998963-5875-4044-AB38-7C721135581B}.Release|Any CPU.Build.0 = Release|Any CPU
		{4999D00B-C9A1-4209-8CAE-68658ECD1F0C}.Debug|Any CPU.ActiveCfg = Debug|Any CPU
		{4999D00B-C9A1-4209-8CAE-68658ECD1F0C}.Debug|Any CPU.Build.0 = Debug|Any CPU
		{4999D00B-C9A1-4209-8CAE-68658ECD1F0C}.Release|Any CPU.ActiveCfg = Release|Any CPU
		{4999D00B-C9A1-4209-8CAE-68658ECD1F0C}.Release|Any CPU.Build.0 = Release|Any CPU
	EndGlobalSection
	GlobalSection(SolutionProperties) = preSolution
		HideSolutionNode = FALSE
	EndGlobalSection
	GlobalSection(ExtensibilityGlobals) = postSolution
		SolutionGuid = {7E968915-83CF-4021-807A-A386CF5CE3A2}
	EndGlobalSection
EndGlobal
