
Microsoft Visual Studio Solution File, Format Version 12.00
# Visual Studio Version 16
VisualStudioVersion = 16.0.30804.86
MinimumVisualStudioVersion = 10.0.40219.1
Project("{FAE04EC0-301F-11D3-BF4B-00C04F79EFBC}") = "Day12", "Day12\Day12.csproj", "{DD07A347-446B-4D42-A3DF-5B6192154CC5}"
EndProject
Global
	GlobalSection(SolutionConfigurationPlatforms) = preSolution
		Debug|Any CPU = Debug|Any CPU
		Release|Any CPU = Release|Any CPU
	EndGlobalSection
	GlobalSection(ProjectConfigurationPlatforms) = postSolution
		{DD07A347-446B-4D42-A3DF-5B6192154CC5}.Debug|Any CPU.ActiveCfg = Debug|Any CPU
		{DD07A347-446B-4D42-A3DF-5B6192154CC5}.Debug|Any CPU.Build.0 = Debug|Any CPU
		{DD07A347-446B-4D42-A3DF-5B6192154CC5}.Release|Any CPU.ActiveCfg = Release|Any CPU
		{DD07A347-446B-4D42-A3DF-5B6192154CC5}.Release|Any CPU.Build.0 = Release|Any CPU
	EndGlobalSection
	GlobalSection(SolutionProperties) = preSolution
		HideSolutionNode = FALSE
	EndGlobalSection
	GlobalSection(ExtensibilityGlobals) = postSolution
		SolutionGuid = {67837E0E-2884-4E5B-9371-7DC455EFC0A2}
	EndGlobalSection
EndGlobal
