
Microsoft Visual Studio Solution File, Format Version 12.00
# Visual Studio Version 16
VisualStudioVersion = 16.0.30804.86
MinimumVisualStudioVersion = 10.0.40219.1
Project("{9A19103F-16F7-4668-BE54-9A1E7A4F7556}") = "Day8", "Day8\Day8.csproj", "{AB62815B-D506-42AC-A0AB-C5DB1FCE784A}"
EndProject
Project("{FAE04EC0-301F-11D3-BF4B-00C04F79EFBC}") = "Day8.Tests", "Day8.Tests\Day8.Tests.csproj", "{E4A6B019-C302-4109-9FBB-3E5E5EF48D84}"
EndProject
Global
	GlobalSection(SolutionConfigurationPlatforms) = preSolution
		Debug|Any CPU = Debug|Any CPU
		Release|Any CPU = Release|Any CPU
	EndGlobalSection
	GlobalSection(ProjectConfigurationPlatforms) = postSolution
		{AB62815B-D506-42AC-A0AB-C5DB1FCE784A}.Debug|Any CPU.ActiveCfg = Debug|Any CPU
		{AB62815B-D506-42AC-A0AB-C5DB1FCE784A}.Debug|Any CPU.Build.0 = Debug|Any CPU
		{AB62815B-D506-42AC-A0AB-C5DB1FCE784A}.Release|Any CPU.ActiveCfg = Release|Any CPU
		{AB62815B-D506-42AC-A0AB-C5DB1FCE784A}.Release|Any CPU.Build.0 = Release|Any CPU
		{E4A6B019-C302-4109-9FBB-3E5E5EF48D84}.Debug|Any CPU.ActiveCfg = Debug|Any CPU
		{E4A6B019-C302-4109-9FBB-3E5E5EF48D84}.Debug|Any CPU.Build.0 = Debug|Any CPU
		{E4A6B019-C302-4109-9FBB-3E5E5EF48D84}.Release|Any CPU.ActiveCfg = Release|Any CPU
		{E4A6B019-C302-4109-9FBB-3E5E5EF48D84}.Release|Any CPU.Build.0 = Release|Any CPU
	EndGlobalSection
	GlobalSection(SolutionProperties) = preSolution
		HideSolutionNode = FALSE
	EndGlobalSection
	GlobalSection(ExtensibilityGlobals) = postSolution
		SolutionGuid = {03E01CB2-4680-4592-BE62-5A8B462E710A}
	EndGlobalSection
EndGlobal
