
Microsoft Visual Studio Solution File, Format Version 12.00
# Visual Studio Version 16
VisualStudioVersion = 16.0.30413.136
MinimumVisualStudioVersion = 10.0.40219.1
Project("{FAE04EC0-301F-11D3-BF4B-00C04F79EFBC}") = "Day6", "Day6\Day6.csproj", "{7C048B47-E5A7-4C21-98F1-E356869A7692}"
EndProject
Global
	GlobalSection(SolutionConfigurationPlatforms) = preSolution
		Debug|Any CPU = Debug|Any CPU
		Release|Any CPU = Release|Any CPU
	EndGlobalSection
	GlobalSection(ProjectConfigurationPlatforms) = postSolution
		{7C048B47-E5A7-4C21-98F1-E356869A7692}.Debug|Any CPU.ActiveCfg = Debug|Any CPU
		{7C048B47-E5A7-4C21-98F1-E356869A7692}.Debug|Any CPU.Build.0 = Debug|Any CPU
		{7C048B47-E5A7-4C21-98F1-E356869A7692}.Release|Any CPU.ActiveCfg = Release|Any CPU
		{7C048B47-E5A7-4C21-98F1-E356869A7692}.Release|Any CPU.Build.0 = Release|Any CPU
	EndGlobalSection
	GlobalSection(SolutionProperties) = preSolution
		HideSolutionNode = FALSE
	EndGlobalSection
	GlobalSection(ExtensibilityGlobals) = postSolution
		SolutionGuid = {512E1FB0-FA72-4C64-AA53-6956AE64EE73}
	EndGlobalSection
EndGlobal
